{
  "name": "web-node",
  "version": "1.0.0",
  "lockfileVersion": 3,
  "requires": true,
  "packages": {
    "": {
      "name": "web-node",
      "version": "1.0.0",
      "license": "ISC",
      "dependencies": {
        "net-user": "^1.1.0"
      }
    },
    "node_modules/net-user": {
      "version": "1.1.0",
      "resolved": "https://registry.npmjs.org/net-user/-/net-user-1.1.0.tgz",
      "integrity": "sha512-+mqcpA2P8tmNcZivdkPXDwBp1ZhrQtbDLcnzGe/Cq8UzSYyKHx/5ZMPl4aHsMIiNsMsi7kI7gnPcJA9mM3+2qw==",
      "os": [
        "win32"
      ]
    }
  }
}
